
Microsoft Visual Studio Solution File, Format Version 12.00
# Visual Studio Version 18
VisualStudioVersion = 18.3.11505.172 d18.3
MinimumVisualStudioVersion = 10.0.40219.1
Project("{9A19103F-16F7-4668-BE54-9A1E7A4F7556}") = "ProductManagementSystem.Api", "src\ProductManagementSystem.Api\ProductManagementSystem.Api.csproj", "{C9AFB05E-9CFA-42C8-BDCD-733E380F3783}"
EndProject
Project("{FAE04EC0-301F-11D3-BF4B-00C04F79EFBC}") = "ProductManagementSystem.Shared", "src\ProductManagementSystem.Shared\ProductManagementSystem.Shared.csproj", "{64C6F650-65C2-46BD-A016-6F9FA3BA44C3}"
EndProject
Project("{FAE04EC0-301F-11D3-BF4B-00C04F79EFBC}") = "ProductManagementSystem.Client", "src\ProductManagementSystem.Client\ProductManagementSystem.Client.csproj", "{61998AF5-6C4B-41D6-8439-BF444BC4C43E}"
EndProject
Global
	GlobalSection(SolutionConfigurationPlatforms) = preSolution
		Debug|Any CPU = Debug|Any CPU
		Release|Any CPU = Release|Any CPU
	EndGlobalSection
	GlobalSection(ProjectConfigurationPlatforms) = postSolution
		{C9AFB05E-9CFA-42C8-BDCD-733E380F3783}.Debug|Any CPU.ActiveCfg = Debug|Any CPU
		{C9AFB05E-9CFA-42C8-BDCD-733E380F3783}.Debug|Any CPU.Build.0 = Debug|Any CPU
		{C9AFB05E-9CFA-42C8-BDCD-733E380F3783}.Release|Any CPU.ActiveCfg = Release|Any CPU
		{C9AFB05E-9CFA-42C8-BDCD-733E380F3783}.Release|Any CPU.Build.0 = Release|Any CPU
		{64C6F650-65C2-46BD-A016-6F9FA3BA44C3}.Debug|Any CPU.ActiveCfg = Debug|Any CPU
		{64C6F650-65C2-46BD-A016-6F9FA3BA44C3}.Debug|Any CPU.Build.0 = Debug|Any CPU
		{64C6F650-65C2-46BD-A016-6F9FA3BA44C3}.Release|Any CPU.ActiveCfg = Release|Any CPU
		{64C6F650-65C2-46BD-A016-6F9FA3BA44C3}.Release|Any CPU.Build.0 = Release|Any CPU
		{61998AF5-6C4B-41D6-8439-BF444BC4C43E}.Debug|Any CPU.ActiveCfg = Debug|Any CPU
		{61998AF5-6C4B-41D6-8439-BF444BC4C43E}.Debug|Any CPU.Build.0 = Debug|Any CPU
		{61998AF5-6C4B-41D6-8439-BF444BC4C43E}.Release|Any CPU.ActiveCfg = Release|Any CPU
		{61998AF5-6C4B-41D6-8439-BF444BC4C43E}.Release|Any CPU.Build.0 = Release|Any CPU
	EndGlobalSection
	GlobalSection(SolutionProperties) = preSolution
		HideSolutionNode = FALSE
	EndGlobalSection
	GlobalSection(ExtensibilityGlobals) = postSolution
		SolutionGuid = {F15CB3E9-C92D-4BF7-B158-F0F71111955C}
	EndGlobalSection
EndGlobal
